# Run ./gradlew --write-locks to regenerate this file
com.google.code.findbugs:jsr305:3.0.2 (3 constraints: d31e2ad5)
com.google.errorprone:error_prone_annotations:2.3.3 (2 constraints: 191b3159)
com.google.guava:failureaccess:1.0.1 (1 constraints: 140ae1b4)
com.google.guava:guava:27.0.1-jre (1 constraints: aa067c53)
com.google.guava:listenablefuture:9999.0-empty-to-avoid-conflict-with-guava (1 constraints: bd17c918)
com.google.j2objc:j2objc-annotations:1.1 (1 constraints: b609eba0)
com.palantir.safe-logging:preconditions:1.13.0 (1 constraints: 3705323b)
com.palantir.safe-logging:safe-logging:1.13.0 (1 constraints: 311154d1)
org.checkerframework:checker-qual:2.5.2 (1 constraints: 1b0af6b4)
org.codehaus.mojo:animal-sniffer-annotations:1.17 (1 constraints: ed09d8aa)
org.slf4j:slf4j-api:1.7.30 (1 constraints: 3d05453b)

[Test dependencies]
com.google.code.findbugs:annotations:3.0.1 (1 constraints: 9e0aafc3)
net.bytebuddy:byte-buddy:1.10.5 (1 constraints: 410b37de)
net.bytebuddy:byte-buddy-agent:1.10.5 (1 constraints: 410b37de)
net.jcip:jcip-annotations:1.0 (1 constraints: 560ff165)
org.apache-extras.beanshell:bsh:2.0b6 (1 constraints: ac07626b)
org.apiguardian:apiguardian-api:1.1.0 (5 constraints: 0654a8a8)
org.assertj:assertj-core:3.15.0 (2 constraints: f310bcdf)
org.assertj:assertj-guava:3.3.0 (1 constraints: 08050336)
org.hamcrest:hamcrest:2.1 (2 constraints: 8512932d)
org.hamcrest:hamcrest-core:2.1 (1 constraints: bd0cc6ff)
org.hamcrest:hamcrest-library:2.1 (1 constraints: 1507415c)
org.immutables:value:2.8.3 (1 constraints: 0f051036)
org.jmock:jmock:2.12.0 (1 constraints: 3705353b)
org.jmock:jmock-testjar:2.12.0 (1 constraints: a507a272)
org.junit:junit-bom:5.6.2 (6 constraints: 46623ff9)
org.junit.jupiter:junit-jupiter:5.6.2 (2 constraints: 220e3659)
org.junit.jupiter:junit-jupiter-api:5.6.2 (5 constraints: 48478ad3)
org.junit.jupiter:junit-jupiter-engine:5.6.2 (2 constraints: 1d17763c)
org.junit.jupiter:junit-jupiter-params:5.6.2 (2 constraints: 1d17763c)
org.junit.platform:junit-platform-commons:1.6.2 (3 constraints: e829bf2a)
org.junit.platform:junit-platform-engine:1.6.2 (2 constraints: b81973f3)
org.mockito:mockito-core:3.3.3 (2 constraints: ce133e65)
org.mockito:mockito-junit-jupiter:3.3.3 (1 constraints: 0b050636)
org.objenesis:objenesis:2.6 (1 constraints: b40a14bd)
org.opentest4j:opentest4j:1.2.0 (2 constraints: cd205b49)
org.ow2.asm:asm:7.1 (1 constraints: 1a07505c)
